
Microsoft Visual Studio Solution File, Format Version 12.00
# Visual Studio 15
VisualStudioVersion = 15.0.27130.2024
MinimumVisualStudioVersion = 10.0.40219.1
Project("{9A19103F-16F7-4668-BE54-9A1E7A4F7556}") = "OneHttpClient", "src\OneHttpClient\OneHttpClient.csproj", "{DFCA5DF7-AB50-4670-9076-45511CC105E4}"
EndProject
Project("{2150E333-8FDC-42A3-9474-1A3956D46DE8}") = "src", "src", "{9CBF1266-A5A6-40D2-9DE3-F58089AD239E}"
EndProject
Project("{2150E333-8FDC-42A3-9474-1A3956D46DE8}") = "test", "test", "{790D6048-9B3E-4190-B646-B926448DA271}"
EndProject
Project("{9A19103F-16F7-4668-BE54-9A1E7A4F7556}") = "OneHttpClient.UnitTests", "test\OneHttpClient.UnitTests\OneHttpClient.UnitTests.csproj", "{933778E2-B7DC-460E-96A5-B5768A5C48E0}"
	ProjectSection(ProjectDependencies) = postProject
		{DFCA5DF7-AB50-4670-9076-45511CC105E4} = {DFCA5DF7-AB50-4670-9076-45511CC105E4}
	EndProjectSection
EndProject
Project("{FAE04EC0-301F-11D3-BF4B-00C04F79EFBC}") = "TestConsoleApp", "test\TestConsoleApp\TestConsoleApp.csproj", "{A4F6BAD4-3891-402A-8634-E4605351A1B5}"
	ProjectSection(ProjectDependencies) = postProject
		{DFCA5DF7-AB50-4670-9076-45511CC105E4} = {DFCA5DF7-AB50-4670-9076-45511CC105E4}
	EndProjectSection
EndProject
Global
	GlobalSection(SolutionConfigurationPlatforms) = preSolution
		Debug|Any CPU = Debug|Any CPU
		Release|Any CPU = Release|Any CPU
	EndGlobalSection
	GlobalSection(ProjectConfigurationPlatforms) = postSolution
		{DFCA5DF7-AB50-4670-9076-45511CC105E4}.Debug|Any CPU.ActiveCfg = Debug|Any CPU
		{DFCA5DF7-AB50-4670-9076-45511CC105E4}.Debug|Any CPU.Build.0 = Debug|Any CPU
		{DFCA5DF7-AB50-4670-9076-45511CC105E4}.Release|Any CPU.ActiveCfg = Release|Any CPU
		{DFCA5DF7-AB50-4670-9076-45511CC105E4}.Release|Any CPU.Build.0 = Release|Any CPU
		{933778E2-B7DC-460E-96A5-B5768A5C48E0}.Debug|Any CPU.ActiveCfg = Debug|Any CPU
		{933778E2-B7DC-460E-96A5-B5768A5C48E0}.Debug|Any CPU.Build.0 = Debug|Any CPU
		{933778E2-B7DC-460E-96A5-B5768A5C48E0}.Release|Any CPU.ActiveCfg = Release|Any CPU
		{933778E2-B7DC-460E-96A5-B5768A5C48E0}.Release|Any CPU.Build.0 = Release|Any CPU
		{A4F6BAD4-3891-402A-8634-E4605351A1B5}.Debug|Any CPU.ActiveCfg = Debug|Any CPU
		{A4F6BAD4-3891-402A-8634-E4605351A1B5}.Debug|Any CPU.Build.0 = Debug|Any CPU
		{A4F6BAD4-3891-402A-8634-E4605351A1B5}.Release|Any CPU.ActiveCfg = Release|Any CPU
		{A4F6BAD4-3891-402A-8634-E4605351A1B5}.Release|Any CPU.Build.0 = Release|Any CPU
	EndGlobalSection
	GlobalSection(SolutionProperties) = preSolution
		HideSolutionNode = FALSE
	EndGlobalSection
	GlobalSection(NestedProjects) = preSolution
		{DFCA5DF7-AB50-4670-9076-45511CC105E4} = {9CBF1266-A5A6-40D2-9DE3-F58089AD239E}
		{933778E2-B7DC-460E-96A5-B5768A5C48E0} = {790D6048-9B3E-4190-B646-B926448DA271}
		{A4F6BAD4-3891-402A-8634-E4605351A1B5} = {790D6048-9B3E-4190-B646-B926448DA271}
	EndGlobalSection
	GlobalSection(ExtensibilityGlobals) = postSolution
		SolutionGuid = {9F3863EA-EFE6-415C-ADF8-1A33FB122F6A}
	EndGlobalSection
EndGlobal
